
Microsoft Visual Studio Solution File, Format Version 12.00
# Visual Studio Version 16
VisualStudioVersion = 16.0.31005.135
MinimumVisualStudioVersion = 10.0.40219.1
Project("{888888A0-9F3D-457C-B088-3A5042F75D52}") = "LR1", "LR1\LR1.pyproj", "{059C3727-2FDB-4447-90E2-C9A1BF6788B9}"
EndProject
Global
	GlobalSection(SolutionConfigurationPlatforms) = preSolution
		Debug|Any CPU = Debug|Any CPU
		Release|Any CPU = Release|Any CPU
	EndGlobalSection
	GlobalSection(ProjectConfigurationPlatforms) = postSolution
		{059C3727-2FDB-4447-90E2-C9A1BF6788B9}.Debug|Any CPU.ActiveCfg = Debug|Any CPU
		{059C3727-2FDB-4447-90E2-C9A1BF6788B9}.Release|Any CPU.ActiveCfg = Release|Any CPU
	EndGlobalSection
	GlobalSection(SolutionProperties) = preSolution
		HideSolutionNode = FALSE
	EndGlobalSection
	GlobalSection(ExtensibilityGlobals) = postSolution
		SolutionGuid = {29036949-42F9-4FC7-AB6D-B9482F5D5289}
	EndGlobalSection
EndGlobal
