
Microsoft Visual Studio Solution File, Format Version 12.00
# Visual Studio Version 16
VisualStudioVersion = 16.0.31025.194
MinimumVisualStudioVersion = 10.0.40219.1
Project("{888888A0-9F3D-457C-B088-3A5042F75D52}") = "LR6", "LR6\LR6.pyproj", "{066D743C-F412-4736-871F-CCE7B17CF21C}"
EndProject
Global
	GlobalSection(SolutionConfigurationPlatforms) = preSolution
		Debug|Any CPU = Debug|Any CPU
		Release|Any CPU = Release|Any CPU
	EndGlobalSection
	GlobalSection(ProjectConfigurationPlatforms) = postSolution
		{066D743C-F412-4736-871F-CCE7B17CF21C}.Debug|Any CPU.ActiveCfg = Debug|Any CPU
		{066D743C-F412-4736-871F-CCE7B17CF21C}.Release|Any CPU.ActiveCfg = Release|Any CPU
	EndGlobalSection
	GlobalSection(SolutionProperties) = preSolution
		HideSolutionNode = FALSE
	EndGlobalSection
	GlobalSection(ExtensibilityGlobals) = postSolution
		SolutionGuid = {C394A729-7427-43EC-A350-ED244772AFD7}
	EndGlobalSection
EndGlobal
