
Microsoft Visual Studio Solution File, Format Version 12.00
# Visual Studio Version 16
VisualStudioVersion = 16.0.31005.135
MinimumVisualStudioVersion = 10.0.40219.1
Project("{888888A0-9F3D-457C-B088-3A5042F75D52}") = "LR1_1", "LR1_1\LR1_1.pyproj", "{330F95C1-5F33-43F8-8F84-3556B19FEBDD}"
EndProject
Global
	GlobalSection(SolutionConfigurationPlatforms) = preSolution
		Debug|Any CPU = Debug|Any CPU
		Release|Any CPU = Release|Any CPU
	EndGlobalSection
	GlobalSection(ProjectConfigurationPlatforms) = postSolution
		{330F95C1-5F33-43F8-8F84-3556B19FEBDD}.Debug|Any CPU.ActiveCfg = Debug|Any CPU
		{330F95C1-5F33-43F8-8F84-3556B19FEBDD}.Release|Any CPU.ActiveCfg = Release|Any CPU
	EndGlobalSection
	GlobalSection(SolutionProperties) = preSolution
		HideSolutionNode = FALSE
	EndGlobalSection
	GlobalSection(ExtensibilityGlobals) = postSolution
		SolutionGuid = {D074C524-85BB-4DB7-A792-D24059BD5069}
	EndGlobalSection
EndGlobal
