
Microsoft Visual Studio Solution File, Format Version 12.00
# Visual Studio Version 16
VisualStudioVersion = 16.0.31025.194
MinimumVisualStudioVersion = 10.0.40219.1
Project("{888888A0-9F3D-457C-B088-3A5042F75D52}") = "LR8", "LR8\LR8.pyproj", "{19AB9727-1287-40CB-B57A-82347AA39444}"
EndProject
Global
	GlobalSection(SolutionConfigurationPlatforms) = preSolution
		Debug|Any CPU = Debug|Any CPU
		Release|Any CPU = Release|Any CPU
	EndGlobalSection
	GlobalSection(ProjectConfigurationPlatforms) = postSolution
		{19AB9727-1287-40CB-B57A-82347AA39444}.Debug|Any CPU.ActiveCfg = Debug|Any CPU
		{19AB9727-1287-40CB-B57A-82347AA39444}.Release|Any CPU.ActiveCfg = Release|Any CPU
	EndGlobalSection
	GlobalSection(SolutionProperties) = preSolution
		HideSolutionNode = FALSE
	EndGlobalSection
	GlobalSection(ExtensibilityGlobals) = postSolution
		SolutionGuid = {ADFFFBE7-6C0D-470E-A2DC-E0327D5C1DB6}
	EndGlobalSection
EndGlobal
