
Microsoft Visual Studio Solution File, Format Version 12.00
# Visual Studio Version 16
VisualStudioVersion = 16.0.31025.194
MinimumVisualStudioVersion = 10.0.40219.1
Project("{888888A0-9F3D-457C-B088-3A5042F75D52}") = "LR5", "LR5\LR5.pyproj", "{5E42813A-08BE-44AD-8010-EC355699C3A5}"
EndProject
Global
	GlobalSection(SolutionConfigurationPlatforms) = preSolution
		Debug|Any CPU = Debug|Any CPU
		Release|Any CPU = Release|Any CPU
	EndGlobalSection
	GlobalSection(ProjectConfigurationPlatforms) = postSolution
		{5E42813A-08BE-44AD-8010-EC355699C3A5}.Debug|Any CPU.ActiveCfg = Debug|Any CPU
		{5E42813A-08BE-44AD-8010-EC355699C3A5}.Release|Any CPU.ActiveCfg = Release|Any CPU
	EndGlobalSection
	GlobalSection(SolutionProperties) = preSolution
		HideSolutionNode = FALSE
	EndGlobalSection
	GlobalSection(ExtensibilityGlobals) = postSolution
		SolutionGuid = {CF919ED8-E44F-4D57-8B6A-32E4FC2DF242}
	EndGlobalSection
EndGlobal
